
Microsoft Visual Studio Solution File, Format Version 12.00
Project("{FAE04EC0-301F-11D3-BF4B-00C04F79EFBC}") = "LongMethod", "LongMethod\LongMethod.csproj", "{D18AE085-C6AA-4CD1-B4BD-AAB5095D43E1}"
EndProject
Project("{FAE04EC0-301F-11D3-BF4B-00C04F79EFBC}") = "LongMethod.Test", "LongMethod.Test\LongMethod.Test.csproj", "{C65FE55D-F19E-49B6-B7BB-406895CDD78E}"
EndProject
Project("{FAE04EC0-301F-11D3-BF4B-00C04F79EFBC}") = "Comments", "Comments\Comments.csproj", "{0F980EEC-7DF4-41A8-B866-26A1F331F9BF}"
EndProject
Project("{FAE04EC0-301F-11D3-BF4B-00C04F79EFBC}") = "Comments.Test", "Comments.Test\Comments.Test.csproj", "{756A4CB1-3F5E-47A7-90C5-D0E2335CAEA9}"
EndProject
Project("{FAE04EC0-301F-11D3-BF4B-00C04F79EFBC}") = "Duplication", "Duplication\Duplication.csproj", "{1BEC1108-085C-4A48-A2EE-D64D24680D5F}"
EndProject
Project("{FAE04EC0-301F-11D3-BF4B-00C04F79EFBC}") = "Duplication.Test", "Duplication.Test\Duplication.Test.csproj", "{4845E394-77CC-4450-B895-ADF104788994}"
EndProject
Project("{FAE04EC0-301F-11D3-BF4B-00C04F79EFBC}") = "DivergentChange", "DivergentChange\DivergentChange.csproj", "{537F0A3A-726A-4CBE-9DFF-E82EA08C1CBC}"
EndProject
Project("{FAE04EC0-301F-11D3-BF4B-00C04F79EFBC}") = "DivergentChange.Test", "DivergentChange.Test\DivergentChange.Test.csproj", "{0E383043-78A1-4269-ACD9-86CE53E2EE20}"
EndProject
Project("{FAE04EC0-301F-11D3-BF4B-00C04F79EFBC}") = "MessageChains", "MessageChains\MessageChains.csproj", "{064B8DE7-62C0-4C00-9636-64CF499BFBD4}"
EndProject
Project("{FAE04EC0-301F-11D3-BF4B-00C04F79EFBC}") = "MessageChains.Test", "MessageChains.Test\MessageChains.Test.csproj", "{D965DB7E-4633-463E-8EBE-01E82D702880}"
EndProject
Project("{FAE04EC0-301F-11D3-BF4B-00C04F79EFBC}") = "LongParameterList", "LongParameterList\LongParameterList.csproj", "{550CBB2F-0F92-4446-867F-62A4EA00F53F}"
EndProject
Project("{FAE04EC0-301F-11D3-BF4B-00C04F79EFBC}") = "LongParameterList.Test", "LongParameterList.Test\LongParameterList.Test.csproj", "{1DD776BC-0CCE-406C-BCC0-702CEA6A912F}"
EndProject
Project("{FAE04EC0-301F-11D3-BF4B-00C04F79EFBC}") = "FeatureEnvy", "FeatureEnvy\FeatureEnvy.csproj", "{F5CDDF86-8EA6-4A00-99DC-7F145F6EBD04}"
EndProject
Project("{FAE04EC0-301F-11D3-BF4B-00C04F79EFBC}") = "FeatureEnvy.Test", "FeatureEnvy.Test\FeatureEnvy.Test.csproj", "{8637AD9D-9377-435C-820F-36CB9F898B4B}"
EndProject
Project("{FAE04EC0-301F-11D3-BF4B-00C04F79EFBC}") = "PrimitiveObsession", "PrimitiveObsession\PrimitiveObsession.csproj", "{052622D9-E85D-41C6-883C-2F9630E5DE49}"
EndProject
Project("{FAE04EC0-301F-11D3-BF4B-00C04F79EFBC}") = "PrimitiveObsession.Test", "PrimitiveObsession.Test\PrimitiveObsession.Test.csproj", "{00A597B5-41AC-4AF8-BAD0-C68AE20FB01C}"
EndProject
Project("{FAE04EC0-301F-11D3-BF4B-00C04F79EFBC}") = "SwitchStatements", "SwitchStatements\SwitchStatements.csproj", "{417C5862-8BDB-4ECC-AFC5-C171A47BAB56}"
EndProject
Project("{FAE04EC0-301F-11D3-BF4B-00C04F79EFBC}") = "SwitchStatements.Test", "SwitchStatements.Test\SwitchStatements.Test.csproj", "{D0A795D6-EC91-48EA-99F3-D6957566FD90}"
EndProject
Project("{2150E333-8FDC-42A3-9474-1A3956D46DE8}") = "RefactoringGolf", "RefactoringGolf", "{AE7F735B-0CB4-45C6-B17B-F4FC645824B4}"
EndProject
Project("{2150E333-8FDC-42A3-9474-1A3956D46DE8}") = "Round_1", "Round_1", "{0278823D-D392-4547-8C33-CD2127DF42B2}"
EndProject
Project("{FAE04EC0-301F-11D3-BF4B-00C04F79EFBC}") = "Round1_Tee", "Round1_Tee\Round1_Tee.csproj", "{38C74E6F-F680-458D-9F7D-D65BEA8E950E}"
EndProject
Project("{FAE04EC0-301F-11D3-BF4B-00C04F79EFBC}") = "Round1_hole", "Round1_hole\Round1_hole.csproj", "{B4A645E3-26BB-4A5E-A550-4E33C1242AC5}"
EndProject
Project("{2150E333-8FDC-42A3-9474-1A3956D46DE8}") = "Round_2", "Round_2", "{975CB0A1-8332-471C-A234-29BBDED0802C}"
EndProject
Project("{FAE04EC0-301F-11D3-BF4B-00C04F79EFBC}") = "Round2_tee", "Round2_tee\Round2_tee.csproj", "{10A5A0B3-9718-449B-9E15-26E108DBB5BE}"
EndProject
Project("{FAE04EC0-301F-11D3-BF4B-00C04F79EFBC}") = "Round2_hole", "Round2_hole\Round2_hole.csproj", "{AD6A8C39-A7F1-40DE-9978-F706621BC865}"
EndProject
Project("{2150E333-8FDC-42A3-9474-1A3956D46DE8}") = "Round_3", "Round_3", "{BD98D267-29EE-4104-B820-5AFC168AFE6F}"
EndProject
Project("{FAE04EC0-301F-11D3-BF4B-00C04F79EFBC}") = "Round3_tee", "Round3_tee\Round3_tee.csproj", "{9CE7CD66-0477-4B1E-8AEF-693B74C1BACD}"
EndProject
Project("{FAE04EC0-301F-11D3-BF4B-00C04F79EFBC}") = "Round3_hole", "Round3_hole\Round3_hole.csproj", "{BAF383A7-142E-44A1-8AC5-CD2AA5EBB3DC}"
EndProject
Global
	GlobalSection(SolutionConfigurationPlatforms) = preSolution
		Debug|Any CPU = Debug|Any CPU
		Release|Any CPU = Release|Any CPU
	EndGlobalSection
	GlobalSection(ProjectConfigurationPlatforms) = postSolution
		{D18AE085-C6AA-4CD1-B4BD-AAB5095D43E1}.Debug|Any CPU.ActiveCfg = Debug|Any CPU
		{D18AE085-C6AA-4CD1-B4BD-AAB5095D43E1}.Debug|Any CPU.Build.0 = Debug|Any CPU
		{D18AE085-C6AA-4CD1-B4BD-AAB5095D43E1}.Release|Any CPU.ActiveCfg = Release|Any CPU
		{D18AE085-C6AA-4CD1-B4BD-AAB5095D43E1}.Release|Any CPU.Build.0 = Release|Any CPU
		{C65FE55D-F19E-49B6-B7BB-406895CDD78E}.Debug|Any CPU.ActiveCfg = Debug|Any CPU
		{C65FE55D-F19E-49B6-B7BB-406895CDD78E}.Debug|Any CPU.Build.0 = Debug|Any CPU
		{C65FE55D-F19E-49B6-B7BB-406895CDD78E}.Release|Any CPU.ActiveCfg = Release|Any CPU
		{C65FE55D-F19E-49B6-B7BB-406895CDD78E}.Release|Any CPU.Build.0 = Release|Any CPU
		{0F980EEC-7DF4-41A8-B866-26A1F331F9BF}.Debug|Any CPU.ActiveCfg = Debug|Any CPU
		{0F980EEC-7DF4-41A8-B866-26A1F331F9BF}.Debug|Any CPU.Build.0 = Debug|Any CPU
		{0F980EEC-7DF4-41A8-B866-26A1F331F9BF}.Release|Any CPU.ActiveCfg = Release|Any CPU
		{0F980EEC-7DF4-41A8-B866-26A1F331F9BF}.Release|Any CPU.Build.0 = Release|Any CPU
		{756A4CB1-3F5E-47A7-90C5-D0E2335CAEA9}.Debug|Any CPU.ActiveCfg = Debug|Any CPU
		{756A4CB1-3F5E-47A7-90C5-D0E2335CAEA9}.Debug|Any CPU.Build.0 = Debug|Any CPU
		{756A4CB1-3F5E-47A7-90C5-D0E2335CAEA9}.Release|Any CPU.ActiveCfg = Release|Any CPU
		{756A4CB1-3F5E-47A7-90C5-D0E2335CAEA9}.Release|Any CPU.Build.0 = Release|Any CPU
		{1BEC1108-085C-4A48-A2EE-D64D24680D5F}.Debug|Any CPU.ActiveCfg = Debug|Any CPU
		{1BEC1108-085C-4A48-A2EE-D64D24680D5F}.Debug|Any CPU.Build.0 = Debug|Any CPU
		{1BEC1108-085C-4A48-A2EE-D64D24680D5F}.Release|Any CPU.ActiveCfg = Release|Any CPU
		{1BEC1108-085C-4A48-A2EE-D64D24680D5F}.Release|Any CPU.Build.0 = Release|Any CPU
		{4845E394-77CC-4450-B895-ADF104788994}.Debug|Any CPU.ActiveCfg = Debug|Any CPU
		{4845E394-77CC-4450-B895-ADF104788994}.Debug|Any CPU.Build.0 = Debug|Any CPU
		{4845E394-77CC-4450-B895-ADF104788994}.Release|Any CPU.ActiveCfg = Release|Any CPU
		{4845E394-77CC-4450-B895-ADF104788994}.Release|Any CPU.Build.0 = Release|Any CPU
		{537F0A3A-726A-4CBE-9DFF-E82EA08C1CBC}.Debug|Any CPU.ActiveCfg = Debug|Any CPU
		{537F0A3A-726A-4CBE-9DFF-E82EA08C1CBC}.Debug|Any CPU.Build.0 = Debug|Any CPU
		{537F0A3A-726A-4CBE-9DFF-E82EA08C1CBC}.Release|Any CPU.ActiveCfg = Release|Any CPU
		{537F0A3A-726A-4CBE-9DFF-E82EA08C1CBC}.Release|Any CPU.Build.0 = Release|Any CPU
		{0E383043-78A1-4269-ACD9-86CE53E2EE20}.Debug|Any CPU.ActiveCfg = Debug|Any CPU
		{0E383043-78A1-4269-ACD9-86CE53E2EE20}.Debug|Any CPU.Build.0 = Debug|Any CPU
		{0E383043-78A1-4269-ACD9-86CE53E2EE20}.Release|Any CPU.ActiveCfg = Release|Any CPU
		{0E383043-78A1-4269-ACD9-86CE53E2EE20}.Release|Any CPU.Build.0 = Release|Any CPU
		{064B8DE7-62C0-4C00-9636-64CF499BFBD4}.Debug|Any CPU.ActiveCfg = Debug|Any CPU
		{064B8DE7-62C0-4C00-9636-64CF499BFBD4}.Debug|Any CPU.Build.0 = Debug|Any CPU
		{064B8DE7-62C0-4C00-9636-64CF499BFBD4}.Release|Any CPU.ActiveCfg = Release|Any CPU
		{064B8DE7-62C0-4C00-9636-64CF499BFBD4}.Release|Any CPU.Build.0 = Release|Any CPU
		{D965DB7E-4633-463E-8EBE-01E82D702880}.Debug|Any CPU.ActiveCfg = Debug|Any CPU
		{D965DB7E-4633-463E-8EBE-01E82D702880}.Debug|Any CPU.Build.0 = Debug|Any CPU
		{D965DB7E-4633-463E-8EBE-01E82D702880}.Release|Any CPU.ActiveCfg = Release|Any CPU
		{D965DB7E-4633-463E-8EBE-01E82D702880}.Release|Any CPU.Build.0 = Release|Any CPU
		{550CBB2F-0F92-4446-867F-62A4EA00F53F}.Debug|Any CPU.ActiveCfg = Debug|Any CPU
		{550CBB2F-0F92-4446-867F-62A4EA00F53F}.Debug|Any CPU.Build.0 = Debug|Any CPU
		{550CBB2F-0F92-4446-867F-62A4EA00F53F}.Release|Any CPU.ActiveCfg = Release|Any CPU
		{550CBB2F-0F92-4446-867F-62A4EA00F53F}.Release|Any CPU.Build.0 = Release|Any CPU
		{1DD776BC-0CCE-406C-BCC0-702CEA6A912F}.Debug|Any CPU.ActiveCfg = Debug|Any CPU
		{1DD776BC-0CCE-406C-BCC0-702CEA6A912F}.Debug|Any CPU.Build.0 = Debug|Any CPU
		{1DD776BC-0CCE-406C-BCC0-702CEA6A912F}.Release|Any CPU.ActiveCfg = Release|Any CPU
		{1DD776BC-0CCE-406C-BCC0-702CEA6A912F}.Release|Any CPU.Build.0 = Release|Any CPU
		{F5CDDF86-8EA6-4A00-99DC-7F145F6EBD04}.Debug|Any CPU.ActiveCfg = Debug|Any CPU
		{F5CDDF86-8EA6-4A00-99DC-7F145F6EBD04}.Debug|Any CPU.Build.0 = Debug|Any CPU
		{F5CDDF86-8EA6-4A00-99DC-7F145F6EBD04}.Release|Any CPU.ActiveCfg = Release|Any CPU
		{F5CDDF86-8EA6-4A00-99DC-7F145F6EBD04}.Release|Any CPU.Build.0 = Release|Any CPU
		{8637AD9D-9377-435C-820F-36CB9F898B4B}.Debug|Any CPU.ActiveCfg = Debug|Any CPU
		{8637AD9D-9377-435C-820F-36CB9F898B4B}.Debug|Any CPU.Build.0 = Debug|Any CPU
		{8637AD9D-9377-435C-820F-36CB9F898B4B}.Release|Any CPU.ActiveCfg = Release|Any CPU
		{8637AD9D-9377-435C-820F-36CB9F898B4B}.Release|Any CPU.Build.0 = Release|Any CPU
		{052622D9-E85D-41C6-883C-2F9630E5DE49}.Debug|Any CPU.ActiveCfg = Debug|Any CPU
		{052622D9-E85D-41C6-883C-2F9630E5DE49}.Debug|Any CPU.Build.0 = Debug|Any CPU
		{052622D9-E85D-41C6-883C-2F9630E5DE49}.Release|Any CPU.ActiveCfg = Release|Any CPU
		{052622D9-E85D-41C6-883C-2F9630E5DE49}.Release|Any CPU.Build.0 = Release|Any CPU
		{00A597B5-41AC-4AF8-BAD0-C68AE20FB01C}.Debug|Any CPU.ActiveCfg = Debug|Any CPU
		{00A597B5-41AC-4AF8-BAD0-C68AE20FB01C}.Debug|Any CPU.Build.0 = Debug|Any CPU
		{00A597B5-41AC-4AF8-BAD0-C68AE20FB01C}.Release|Any CPU.ActiveCfg = Release|Any CPU
		{00A597B5-41AC-4AF8-BAD0-C68AE20FB01C}.Release|Any CPU.Build.0 = Release|Any CPU
		{417C5862-8BDB-4ECC-AFC5-C171A47BAB56}.Debug|Any CPU.ActiveCfg = Debug|Any CPU
		{417C5862-8BDB-4ECC-AFC5-C171A47BAB56}.Debug|Any CPU.Build.0 = Debug|Any CPU
		{417C5862-8BDB-4ECC-AFC5-C171A47BAB56}.Release|Any CPU.ActiveCfg = Release|Any CPU
		{417C5862-8BDB-4ECC-AFC5-C171A47BAB56}.Release|Any CPU.Build.0 = Release|Any CPU
		{D0A795D6-EC91-48EA-99F3-D6957566FD90}.Debug|Any CPU.ActiveCfg = Debug|Any CPU
		{D0A795D6-EC91-48EA-99F3-D6957566FD90}.Debug|Any CPU.Build.0 = Debug|Any CPU
		{D0A795D6-EC91-48EA-99F3-D6957566FD90}.Release|Any CPU.ActiveCfg = Release|Any CPU
		{D0A795D6-EC91-48EA-99F3-D6957566FD90}.Release|Any CPU.Build.0 = Release|Any CPU
		{38C74E6F-F680-458D-9F7D-D65BEA8E950E}.Debug|Any CPU.ActiveCfg = Debug|Any CPU
		{38C74E6F-F680-458D-9F7D-D65BEA8E950E}.Debug|Any CPU.Build.0 = Debug|Any CPU
		{38C74E6F-F680-458D-9F7D-D65BEA8E950E}.Release|Any CPU.ActiveCfg = Release|Any CPU
		{38C74E6F-F680-458D-9F7D-D65BEA8E950E}.Release|Any CPU.Build.0 = Release|Any CPU
		{B4A645E3-26BB-4A5E-A550-4E33C1242AC5}.Debug|Any CPU.ActiveCfg = Debug|Any CPU
		{B4A645E3-26BB-4A5E-A550-4E33C1242AC5}.Debug|Any CPU.Build.0 = Debug|Any CPU
		{B4A645E3-26BB-4A5E-A550-4E33C1242AC5}.Release|Any CPU.ActiveCfg = Release|Any CPU
		{B4A645E3-26BB-4A5E-A550-4E33C1242AC5}.Release|Any CPU.Build.0 = Release|Any CPU
		{10A5A0B3-9718-449B-9E15-26E108DBB5BE}.Debug|Any CPU.ActiveCfg = Debug|Any CPU
		{10A5A0B3-9718-449B-9E15-26E108DBB5BE}.Debug|Any CPU.Build.0 = Debug|Any CPU
		{10A5A0B3-9718-449B-9E15-26E108DBB5BE}.Release|Any CPU.ActiveCfg = Release|Any CPU
		{10A5A0B3-9718-449B-9E15-26E108DBB5BE}.Release|Any CPU.Build.0 = Release|Any CPU
		{AD6A8C39-A7F1-40DE-9978-F706621BC865}.Debug|Any CPU.ActiveCfg = Debug|Any CPU
		{AD6A8C39-A7F1-40DE-9978-F706621BC865}.Debug|Any CPU.Build.0 = Debug|Any CPU
		{AD6A8C39-A7F1-40DE-9978-F706621BC865}.Release|Any CPU.ActiveCfg = Release|Any CPU
		{AD6A8C39-A7F1-40DE-9978-F706621BC865}.Release|Any CPU.Build.0 = Release|Any CPU
		{9CE7CD66-0477-4B1E-8AEF-693B74C1BACD}.Debug|Any CPU.ActiveCfg = Debug|Any CPU
		{9CE7CD66-0477-4B1E-8AEF-693B74C1BACD}.Debug|Any CPU.Build.0 = Debug|Any CPU
		{9CE7CD66-0477-4B1E-8AEF-693B74C1BACD}.Release|Any CPU.ActiveCfg = Release|Any CPU
		{9CE7CD66-0477-4B1E-8AEF-693B74C1BACD}.Release|Any CPU.Build.0 = Release|Any CPU
		{BAF383A7-142E-44A1-8AC5-CD2AA5EBB3DC}.Debug|Any CPU.ActiveCfg = Debug|Any CPU
		{BAF383A7-142E-44A1-8AC5-CD2AA5EBB3DC}.Debug|Any CPU.Build.0 = Debug|Any CPU
		{BAF383A7-142E-44A1-8AC5-CD2AA5EBB3DC}.Release|Any CPU.ActiveCfg = Release|Any CPU
		{BAF383A7-142E-44A1-8AC5-CD2AA5EBB3DC}.Release|Any CPU.Build.0 = Release|Any CPU
	EndGlobalSection
	GlobalSection(NestedProjects) = preSolution
		{0278823D-D392-4547-8C33-CD2127DF42B2} = {AE7F735B-0CB4-45C6-B17B-F4FC645824B4}
		{38C74E6F-F680-458D-9F7D-D65BEA8E950E} = {0278823D-D392-4547-8C33-CD2127DF42B2}
		{B4A645E3-26BB-4A5E-A550-4E33C1242AC5} = {0278823D-D392-4547-8C33-CD2127DF42B2}
		{975CB0A1-8332-471C-A234-29BBDED0802C} = {AE7F735B-0CB4-45C6-B17B-F4FC645824B4}
		{10A5A0B3-9718-449B-9E15-26E108DBB5BE} = {975CB0A1-8332-471C-A234-29BBDED0802C}
		{AD6A8C39-A7F1-40DE-9978-F706621BC865} = {975CB0A1-8332-471C-A234-29BBDED0802C}
		{BD98D267-29EE-4104-B820-5AFC168AFE6F} = {AE7F735B-0CB4-45C6-B17B-F4FC645824B4}
		{9CE7CD66-0477-4B1E-8AEF-693B74C1BACD} = {BD98D267-29EE-4104-B820-5AFC168AFE6F}
		{BAF383A7-142E-44A1-8AC5-CD2AA5EBB3DC} = {BD98D267-29EE-4104-B820-5AFC168AFE6F}
	EndGlobalSection
EndGlobal
